
Microsoft Visual Studio Solution File, Format Version 12.00
# Visual Studio 15
VisualStudioVersion = 15.0.27004.2010
MinimumVisualStudioVersion = 10.0.40219.1
Project("{FAE04EC0-301F-11D3-BF4B-00C04F79EFBC}") = "Balistika", "WindowsFormsApp3\Balistika.csproj", "{C6836488-CAAF-4658-9B71-A3E1CB332E5C}"
EndProject
Global
	GlobalSection(SolutionConfigurationPlatforms) = preSolution
		Debug|Any CPU = Debug|Any CPU
		Release|Any CPU = Release|Any CPU
	EndGlobalSection
	GlobalSection(ProjectConfigurationPlatforms) = postSolution
		{C6836488-CAAF-4658-9B71-A3E1CB332E5C}.Debug|Any CPU.ActiveCfg = Debug|Any CPU
		{C6836488-CAAF-4658-9B71-A3E1CB332E5C}.Debug|Any CPU.Build.0 = Debug|Any CPU
		{C6836488-CAAF-4658-9B71-A3E1CB332E5C}.Release|Any CPU.ActiveCfg = Release|Any CPU
		{C6836488-CAAF-4658-9B71-A3E1CB332E5C}.Release|Any CPU.Build.0 = Release|Any CPU
	EndGlobalSection
	GlobalSection(SolutionProperties) = preSolution
		HideSolutionNode = FALSE
	EndGlobalSection
	GlobalSection(ExtensibilityGlobals) = postSolution
		SolutionGuid = {4C571CE2-6252-4E5B-81DC-E2F985DE4E9C}
	EndGlobalSection
EndGlobal
